
Microsoft Visual Studio Solution File, Format Version 11.00
# Visual Studio 2010
Project("{F2A71F9B-5D33-465A-A702-920D77279786}") = "PicoMvc", "picomvc\PicoMvc.fsproj", "{13576293-3921-4B3A-B70A-63506640186F}"
EndProject
Project("{FAE04EC0-301F-11D3-BF4B-00C04F79EFBC}") = "PicoMvc.DemoHost", "PicoMvc.DemoHost\PicoMvc.DemoHost.csproj", "{E2EC68B3-6571-44B2-ABEB-CB5719533B3B}"
EndProject
Project("{F2A71F9B-5D33-465A-A702-920D77279786}") = "PicoMvc.Demo", "PicoMvc.Demo\PicoMvc.Demo.fsproj", "{F1C4E818-748A-4DCC-B597-104DF83C06A3}"
EndProject
Global
	GlobalSection(SolutionConfigurationPlatforms) = preSolution
		Debug|Any CPU = Debug|Any CPU
		Release|Any CPU = Release|Any CPU
	EndGlobalSection
	GlobalSection(ProjectConfigurationPlatforms) = postSolution
		{13576293-3921-4B3A-B70A-63506640186F}.Debug|Any CPU.ActiveCfg = Debug|Any CPU
		{13576293-3921-4B3A-B70A-63506640186F}.Debug|Any CPU.Build.0 = Debug|Any CPU
		{13576293-3921-4B3A-B70A-63506640186F}.Release|Any CPU.ActiveCfg = Release|Any CPU
		{13576293-3921-4B3A-B70A-63506640186F}.Release|Any CPU.Build.0 = Release|Any CPU
		{E2EC68B3-6571-44B2-ABEB-CB5719533B3B}.Debug|Any CPU.ActiveCfg = Debug|Any CPU
		{E2EC68B3-6571-44B2-ABEB-CB5719533B3B}.Debug|Any CPU.Build.0 = Debug|Any CPU
		{E2EC68B3-6571-44B2-ABEB-CB5719533B3B}.Release|Any CPU.ActiveCfg = Release|Any CPU
		{E2EC68B3-6571-44B2-ABEB-CB5719533B3B}.Release|Any CPU.Build.0 = Release|Any CPU
		{F1C4E818-748A-4DCC-B597-104DF83C06A3}.Debug|Any CPU.ActiveCfg = Debug|Any CPU
		{F1C4E818-748A-4DCC-B597-104DF83C06A3}.Debug|Any CPU.Build.0 = Debug|Any CPU
		{F1C4E818-748A-4DCC-B597-104DF83C06A3}.Release|Any CPU.ActiveCfg = Release|Any CPU
		{F1C4E818-748A-4DCC-B597-104DF83C06A3}.Release|Any CPU.Build.0 = Release|Any CPU
	EndGlobalSection
	GlobalSection(SolutionProperties) = preSolution
		HideSolutionNode = FALSE
	EndGlobalSection
EndGlobal
